
Microsoft Visual Studio Solution File, Format Version 12.00
# Visual Studio 2012
Project("{FAE04EC0-301F-11D3-BF4B-00C04F79EFBC}") = "BookStore", "BookStore\BookStore.csproj", "{281765B2-C4B8-44F6-B7F2-BC871A8CEA03}"
EndProject
Global
	GlobalSection(SolutionConfigurationPlatforms) = preSolution
		Debug|Any CPU = Debug|Any CPU
		Release|Any CPU = Release|Any CPU
	EndGlobalSection
	GlobalSection(ProjectConfigurationPlatforms) = postSolution
		{281765B2-C4B8-44F6-B7F2-BC871A8CEA03}.Debug|Any CPU.ActiveCfg = Debug|Any CPU
		{281765B2-C4B8-44F6-B7F2-BC871A8CEA03}.Debug|Any CPU.Build.0 = Debug|Any CPU
		{281765B2-C4B8-44F6-B7F2-BC871A8CEA03}.Release|Any CPU.ActiveCfg = Release|Any CPU
		{281765B2-C4B8-44F6-B7F2-BC871A8CEA03}.Release|Any CPU.Build.0 = Release|Any CPU
	EndGlobalSection
	GlobalSection(SolutionProperties) = preSolution
		HideSolutionNode = FALSE
	EndGlobalSection
EndGlobal
